
Microsoft Visual Studio Solution File, Format Version 12.00
# Visual Studio Version 16
VisualStudioVersion = 16.0.31019.35
MinimumVisualStudioVersion = 10.0.40219.1
Project("{FAE04EC0-301F-11D3-BF4B-00C04F79EFBC}") = "PizzaStore", "PizzaStore\PizzaStore.csproj", "{F3322F3C-18A2-41F7-9711-B93B2B9828A3}"
EndProject
Project("{FAE04EC0-301F-11D3-BF4B-00C04F79EFBC}") = "AmericanPizzaStore", "AmericanPizzaStore\AmericanPizzaStore.csproj", "{9365FD6F-0D56-4213-BFD7-6DBB2B6F290F}"
EndProject
Project("{FAE04EC0-301F-11D3-BF4B-00C04F79EFBC}") = "AmericanPizzaStoreTests", "AmericanPizzaStoreTests\AmericanPizzaStoreTests.csproj", "{22D920EC-3691-447F-88C5-A61F09CEA3DB}"
EndProject
Project("{9A19103F-16F7-4668-BE54-9A1E7A4F7556}") = "PizzaStoreTests", "PizzaStoreTests\PizzaStoreTests.csproj", "{73DC78DE-F422-4E1C-9883-762944A3ABE1}"
EndProject
Global
	GlobalSection(SolutionConfigurationPlatforms) = preSolution
		Debug|Any CPU = Debug|Any CPU
		Release|Any CPU = Release|Any CPU
	EndGlobalSection
	GlobalSection(ProjectConfigurationPlatforms) = postSolution
		{F3322F3C-18A2-41F7-9711-B93B2B9828A3}.Debug|Any CPU.ActiveCfg = Debug|Any CPU
		{F3322F3C-18A2-41F7-9711-B93B2B9828A3}.Debug|Any CPU.Build.0 = Debug|Any CPU
		{F3322F3C-18A2-41F7-9711-B93B2B9828A3}.Release|Any CPU.ActiveCfg = Release|Any CPU
		{F3322F3C-18A2-41F7-9711-B93B2B9828A3}.Release|Any CPU.Build.0 = Release|Any CPU
		{9365FD6F-0D56-4213-BFD7-6DBB2B6F290F}.Debug|Any CPU.ActiveCfg = Debug|Any CPU
		{9365FD6F-0D56-4213-BFD7-6DBB2B6F290F}.Debug|Any CPU.Build.0 = Debug|Any CPU
		{9365FD6F-0D56-4213-BFD7-6DBB2B6F290F}.Release|Any CPU.ActiveCfg = Release|Any CPU
		{9365FD6F-0D56-4213-BFD7-6DBB2B6F290F}.Release|Any CPU.Build.0 = Release|Any CPU
		{22D920EC-3691-447F-88C5-A61F09CEA3DB}.Debug|Any CPU.ActiveCfg = Debug|Any CPU
		{22D920EC-3691-447F-88C5-A61F09CEA3DB}.Debug|Any CPU.Build.0 = Debug|Any CPU
		{22D920EC-3691-447F-88C5-A61F09CEA3DB}.Release|Any CPU.ActiveCfg = Release|Any CPU
		{22D920EC-3691-447F-88C5-A61F09CEA3DB}.Release|Any CPU.Build.0 = Release|Any CPU
		{73DC78DE-F422-4E1C-9883-762944A3ABE1}.Debug|Any CPU.ActiveCfg = Debug|Any CPU
		{73DC78DE-F422-4E1C-9883-762944A3ABE1}.Debug|Any CPU.Build.0 = Debug|Any CPU
		{73DC78DE-F422-4E1C-9883-762944A3ABE1}.Release|Any CPU.ActiveCfg = Release|Any CPU
		{73DC78DE-F422-4E1C-9883-762944A3ABE1}.Release|Any CPU.Build.0 = Release|Any CPU
	EndGlobalSection
	GlobalSection(SolutionProperties) = preSolution
		HideSolutionNode = FALSE
	EndGlobalSection
	GlobalSection(ExtensibilityGlobals) = postSolution
		SolutionGuid = {8788082E-C59B-4BBB-A0CF-1804861C0E81}
	EndGlobalSection
EndGlobal
